// !$*UTF8*$!
{
	archiveVersion = 1;
	classes = {
	};
	objectVersion = 77;
	objects = {

/* Begin PBXBuildFile section */
		0ED2AE7A2D1CEAE700336EE0 /* FirebaseAuth in Frameworks */ = {isa = PBXBuildFile; productRef = 0ED2AE792D1CEAE700336EE0 /* FirebaseAuth */; };
		0ED2AE7C2D1CEAE700336EE0 /* FirebaseDatabase in Frameworks */ = {isa = PBXBuildFile; productRef = 0ED2AE7B2D1CEAE700336EE0 /* FirebaseDatabase */; };
		0ED2AE7E2D1CEAE700336EE0 /* FirebaseFirestore in Frameworks */ = {isa = PBXBuildFile; productRef = 0ED2AE7D2D1CEAE700336EE0 /* FirebaseFirestore */; };
		0ED2AEB22D1D9ECA00336EE0 /* FirebaseAuthCombine-Community in Frameworks */ = {isa = PBXBuildFile; productRef = 0ED2AEB12D1D9ECA00336EE0 /* FirebaseAuthCombine-Community */; };
		0ED2AEB42D1D9ECA00336EE0 /* FirebaseFunctions in Frameworks */ = {isa = PBXBuildFile; productRef = 0ED2AEB32D1D9ECA00336EE0 /* FirebaseFunctions */; };
		0EF54CF02D1E6F9F00CB27DF /* FirebaseFirestoreCombine-Community in Frameworks */ = {isa = PBXBuildFile; productRef = 0EF54CEF2D1E6F9F00CB27DF /* FirebaseFirestoreCombine-Community */; };
		0EF54CF22D1E704F00CB27DF /* FirebaseCore in Frameworks */ = {isa = PBXBuildFile; productRef = 0EF54CF12D1E704F00CB27DF /* FirebaseCore */; };
		0EF54CF42D1E704F00CB27DF /* FirebaseStorage in Frameworks */ = {isa = PBXBuildFile; productRef = 0EF54CF32D1E704F00CB27DF /* FirebaseStorage */; };
		0EF54CF62D1E713400CB27DF /* FirebaseInstallations in Frameworks */ = {isa = PBXBuildFile; productRef = 0EF54CF52D1E713400CB27DF /* FirebaseInstallations */; };
/* End PBXBuildFile section */

/* Begin PBXContainerItemProxy section */
		0ED2AE572D1CE3AA00336EE0 /* PBXContainerItemProxy */ = {
			isa = PBXContainerItemProxy;
			containerPortal = 0ED2AE3D2D1CE3A900336EE0 /* Project object */;
			proxyType = 1;
			remoteGlobalIDString = 0ED2AE442D1CE3A900336EE0;
			remoteInfo = ToDoList;
		};
		0ED2AE612D1CE3AA00336EE0 /* PBXContainerItemProxy */ = {
			isa = PBXContainerItemProxy;
			containerPortal = 0ED2AE3D2D1CE3A900336EE0 /* Project object */;
			proxyType = 1;
			remoteGlobalIDString = 0ED2AE442D1CE3A900336EE0;
			remoteInfo = ToDoList;
		};
/* End PBXContainerItemProxy section */

/* Begin PBXFileReference section */
		0ED2AE452D1CE3A900336EE0 /* ToDoList.app */ = {isa = PBXFileReference; explicitFileType = wrapper.application; includeInIndex = 0; path = ToDoList.app; sourceTree = BUILT_PRODUCTS_DIR; };
		0ED2AE562D1CE3AA00336EE0 /* ToDoListTests.xctest */ = {isa = PBXFileReference; explicitFileType = wrapper.cfbundle; includeInIndex = 0; path = ToDoListTests.xctest; sourceTree = BUILT_PRODUCTS_DIR; };
		0ED2AE602D1CE3AA00336EE0 /* ToDoListUITests.xctest */ = {isa = PBXFileReference; explicitFileType = wrapper.cfbundle; includeInIndex = 0; path = ToDoListUITests.xctest; sourceTree = BUILT_PRODUCTS_DIR; };
/* End PBXFileReference section */

/* Begin PBXFileSystemSynchronizedBuildFileExceptionSet section */
		0E6E91D72D21A67D00C2070D /* Exceptions for "ToDoList" folder in "ToDoList" target */ = {
			isa = PBXFileSystemSynchronizedBuildFileExceptionSet;
			membershipExceptions = (
				Info.plist,
			);
			target = 0ED2AE442D1CE3A900336EE0 /* ToDoList */;
		};
/* End PBXFileSystemSynchronizedBuildFileExceptionSet section */

/* Begin PBXFileSystemSynchronizedRootGroup section */
		0ED2AE472D1CE3A900336EE0 /* ToDoList */ = {
			isa = PBXFileSystemSynchronizedRootGroup;
			exceptions = (
				0E6E91D72D21A67D00C2070D /* Exceptions for "ToDoList" folder in "ToDoList" target */,
			);
			path = ToDoList;
			sourceTree = "<group>";
		};
		0ED2AE592D1CE3AA00336EE0 /* ToDoListTests */ = {
			isa = PBXFileSystemSynchronizedRootGroup;
			path = ToDoListTests;
			sourceTree = "<group>";
		};
		0ED2AE632D1CE3AA00336EE0 /* ToDoListUITests */ = {
			isa = PBXFileSystemSynchronizedRootGroup;
			path = ToDoListUITests;
			sourceTree = "<group>";
		};
/* End PBXFileSystemSynchronizedRootGroup section */

/* Begin PBXFrameworksBuildPhase section */
		0ED2AE422D1CE3A900336EE0 /* Frameworks */ = {
			isa = PBXFrameworksBuildPhase;
			buildActionMask = 2147483647;
			files = (
				0ED2AE7C2D1CEAE700336EE0 /* FirebaseDatabase in Frameworks */,
				0ED2AE7A2D1CEAE700336EE0 /* FirebaseAuth in Frameworks */,
				0ED2AEB42D1D9ECA00336EE0 /* FirebaseFunctions in Frameworks */,
				0EF54CF62D1E713400CB27DF /* FirebaseInstallations in Frameworks */,
				0EF54CF02D1E6F9F00CB27DF /* FirebaseFirestoreCombine-Community in Frameworks */,
				0EF54CF22D1E704F00CB27DF /* FirebaseCore in Frameworks */,
				0EF54CF42D1E704F00CB27DF /* FirebaseStorage in Frameworks */,
				0ED2AE7E2D1CEAE700336EE0 /* FirebaseFirestore in Frameworks */,
				0ED2AEB22D1D9ECA00336EE0 /* FirebaseAuthCombine-Community in Frameworks */,
			);
			runOnlyForDeploymentPostprocessing = 0;
		};
		0ED2AE532D1CE3AA00336EE0 /* Frameworks */ = {
			isa = PBXFrameworksBuildPhase;
			buildActionMask = 2147483647;
			files = (
			);
			runOnlyForDeploymentPostprocessing = 0;
		};
		0ED2AE5D2D1CE3AA00336EE0 /* Frameworks */ = {
			isa = PBXFrameworksBuildPhase;
			buildActionMask = 2147483647;
			files = (
			);
			runOnlyForDeploymentPostprocessing = 0;
		};
/* End PBXFrameworksBuildPhase section */

/* Begin PBXGroup section */
		0ED2AE3C2D1CE3A900336EE0 = {
			isa = PBXGroup;
			children = (
				0ED2AE472D1CE3A900336EE0 /* ToDoList */,
				0ED2AE592D1CE3AA00336EE0 /* ToDoListTests */,
				0ED2AE632D1CE3AA00336EE0 /* ToDoListUITests */,
				0ED2AE462D1CE3A900336EE0 /* Products */,
			);
			sourceTree = "<group>";
		};
		0ED2AE462D1CE3A900336EE0 /* Products */ = {
			isa = PBXGroup;
			children = (
				0ED2AE452D1CE3A900336EE0 /* ToDoList.app */,
				0ED2AE562D1CE3AA00336EE0 /* ToDoListTests.xctest */,
				0ED2AE602D1CE3AA00336EE0 /* ToDoListUITests.xctest */,
			);
			name = Products;
			sourceTree = "<group>";
		};
/* End PBXGroup section */

/* Begin PBXNativeTarget section */
		0ED2AE442D1CE3A900336EE0 /* ToDoList */ = {
			isa = PBXNativeTarget;
			buildConfigurationList = 0ED2AE6A2D1CE3AA00336EE0 /* Build configuration list for PBXNativeTarget "ToDoList" */;
			buildPhases = (
				0ED2AE412D1CE3A900336EE0 /* Sources */,
				0ED2AE422D1CE3A900336EE0 /* Frameworks */,
				0ED2AE432D1CE3A900336EE0 /* Resources */,
			);
			buildRules = (
			);
			dependencies = (
			);
			fileSystemSynchronizedGroups = (
				0ED2AE472D1CE3A900336EE0 /* ToDoList */,
			);
			name = ToDoList;
			packageProductDependencies = (
				0ED2AE792D1CEAE700336EE0 /* FirebaseAuth */,
				0ED2AE7B2D1CEAE700336EE0 /* FirebaseDatabase */,
				0ED2AE7D2D1CEAE700336EE0 /* FirebaseFirestore */,
				0ED2AEB12D1D9ECA00336EE0 /* FirebaseAuthCombine-Community */,
				0ED2AEB32D1D9ECA00336EE0 /* FirebaseFunctions */,
				0EF54CEF2D1E6F9F00CB27DF /* FirebaseFirestoreCombine-Community */,
				0EF54CF12D1E704F00CB27DF /* FirebaseCore */,
				0EF54CF32D1E704F00CB27DF /* FirebaseStorage */,
				0EF54CF52D1E713400CB27DF /* FirebaseInstallations */,
			);
			productName = ToDoList;
			productReference = 0ED2AE452D1CE3A900336EE0 /* ToDoList.app */;
			productType = "com.apple.product-type.application";
		};
		0ED2AE552D1CE3AA00336EE0 /* ToDoListTests */ = {
			isa = PBXNativeTarget;
			buildConfigurationList = 0ED2AE6D2D1CE3AA00336EE0 /* Build configuration list for PBXNativeTarget "ToDoListTests" */;
			buildPhases = (
				0ED2AE522D1CE3AA00336EE0 /* Sources */,
				0ED2AE532D1CE3AA00336EE0 /* Frameworks */,
				0ED2AE542D1CE3AA00336EE0 /* Resources */,
			);
			buildRules = (
			);
			dependencies = (
				0ED2AE582D1CE3AA00336EE0 /* PBXTargetDependency */,
			);
			fileSystemSynchronizedGroups = (
				0ED2AE592D1CE3AA00336EE0 /* ToDoListTests */,
			);
			name = ToDoListTests;
			packageProductDependencies = (
			);
			productName = ToDoListTests;
			productReference = 0ED2AE562D1CE3AA00336EE0 /* ToDoListTests.xctest */;
			productType = "com.apple.product-type.bundle.unit-test";
		};
		0ED2AE5F2D1CE3AA00336EE0 /* ToDoListUITests */ = {
			isa = PBXNativeTarget;
			buildConfigurationList = 0ED2AE702D1CE3AA00336EE0 /* Build configuration list for PBXNativeTarget "ToDoListUITests" */;
			buildPhases = (
				0ED2AE5C2D1CE3AA00336EE0 /* Sources */,
				0ED2AE5D2D1CE3AA00336EE0 /* Frameworks */,
				0ED2AE5E2D1CE3AA00336EE0 /* Resources */,
			);
			buildRules = (
			);
			dependencies = (
				0ED2AE622D1CE3AA00336EE0 /* PBXTargetDependency */,
			);
			fileSystemSynchronizedGroups = (
				0ED2AE632D1CE3AA00336EE0 /* ToDoListUITests */,
			);
			name = ToDoListUITests;
			packageProductDependencies = (
			);
			productName = ToDoListUITests;
			productReference = 0ED2AE602D1CE3AA00336EE0 /* ToDoListUITests.xctest */;
			productType = "com.apple.product-type.bundle.ui-testing";
		};
/* End PBXNativeTarget section */

/* Begin PBXProject section */
		0ED2AE3D2D1CE3A900336EE0 /* Project object */ = {
			isa = PBXProject;
			attributes = {
				BuildIndependentTargetsInParallel = 1;
				LastSwiftUpdateCheck = 1620;
				LastUpgradeCheck = 1620;
				TargetAttributes = {
					0ED2AE442D1CE3A900336EE0 = {
						CreatedOnToolsVersion = 16.2;
					};
					0ED2AE552D1CE3AA00336EE0 = {
						CreatedOnToolsVersion = 16.2;
						TestTargetID = 0ED2AE442D1CE3A900336EE0;
					};
					0ED2AE5F2D1CE3AA00336EE0 = {
						CreatedOnToolsVersion = 16.2;
						TestTargetID = 0ED2AE442D1CE3A900336EE0;
					};
				};
			};
			buildConfigurationList = 0ED2AE402D1CE3A900336EE0 /* Build configuration list for PBXProject "ToDoList" */;
			developmentRegion = en;
			hasScannedForEncodings = 0;
			knownRegions = (
				en,
				Base,
			);
			mainGroup = 0ED2AE3C2D1CE3A900336EE0;
			minimizedProjectReferenceProxies = 1;
			packageReferences = (
				0ED2AE732D1CE5CB00336EE0 /* XCRemoteSwiftPackageReference "firebase-ios-sdk" */,
			);
			preferredProjectObjectVersion = 77;
			productRefGroup = 0ED2AE462D1CE3A900336EE0 /* Products */;
			projectDirPath = "";
			projectRoot = "";
			targets = (
				0ED2AE442D1CE3A900336EE0 /* ToDoList */,
				0ED2AE552D1CE3AA00336EE0 /* ToDoListTests */,
				0ED2AE5F2D1CE3AA00336EE0 /* ToDoListUITests */,
			);
		};
/* End PBXProject section */

/* Begin PBXResourcesBuildPhase section */
		0ED2AE432D1CE3A900336EE0 /* Resources */ = {
			isa = PBXResourcesBuildPhase;
			buildActionMask = 2147483647;
			files = (
			);
			runOnlyForDeploymentPostprocessing = 0;
		};
		0ED2AE542D1CE3AA00336EE0 /* Resources */ = {
			isa = PBXResourcesBuildPhase;
			buildActionMask = 2147483647;
			files = (
			);
			runOnlyForDeploymentPostprocessing = 0;
		};
		0ED2AE5E2D1CE3AA00336EE0 /* Resources */ = {
			isa = PBXResourcesBuildPhase;
			buildActionMask = 2147483647;
			files = (
			);
			runOnlyForDeploymentPostprocessing = 0;
		};
/* End PBXResourcesBuildPhase section */

/* Begin PBXSourcesBuildPhase section */
		0ED2AE412D1CE3A900336EE0 /* Sources */ = {
			isa = PBXSourcesBuildPhase;
			buildActionMask = 2147483647;
			files = (
			);
			runOnlyForDeploymentPostprocessing = 0;
		};
		0ED2AE522D1CE3AA00336EE0 /* Sources */ = {
			isa = PBXSourcesBuildPhase;
			buildActionMask = 2147483647;
			files = (
			);
			runOnlyForDeploymentPostprocessing = 0;
		};
		0ED2AE5C2D1CE3AA00336EE0 /* Sources */ = {
			isa = PBXSourcesBuildPhase;
			buildActionMask = 2147483647;
			files = (
			);
			runOnlyForDeploymentPostprocessing = 0;
		};
/* End PBXSourcesBuildPhase section */

/* Begin PBXTargetDependency section */
		0ED2AE582D1CE3AA00336EE0 /* PBXTargetDependency */ = {
			isa = PBXTargetDependency;
			target = 0ED2AE442D1CE3A900336EE0 /* ToDoList */;
			targetProxy = 0ED2AE572D1CE3AA00336EE0 /* PBXContainerItemProxy */;
		};
		0ED2AE622D1CE3AA00336EE0 /* PBXTargetDependency */ = {
			isa = PBXTargetDependency;
			target = 0ED2AE442D1CE3A900336EE0 /* ToDoList */;
			targetProxy = 0ED2AE612D1CE3AA00336EE0 /* PBXContainerItemProxy */;
		};
/* End PBXTargetDependency section */

/* Begin XCBuildConfiguration section */
		0ED2AE682D1CE3AA00336EE0 /* Debug */ = {
			isa = XCBuildConfiguration;
			buildSettings = {
				ALWAYS_SEARCH_USER_PATHS = NO;
				ASSETCATALOG_COMPILER_GENERATE_SWIFT_ASSET_SYMBOL_EXTENSIONS = YES;
				CLANG_ANALYZER_NONNULL = YES;
				CLANG_ANALYZER_NUMBER_OBJECT_CONVERSION = YES_AGGRESSIVE;
				CLANG_CXX_LANGUAGE_STANDARD = "gnu++20";
				CLANG_ENABLE_MODULES = YES;
				CLANG_ENABLE_OBJC_ARC = YES;
				CLANG_ENABLE_OBJC_WEAK = YES;
				CLANG_WARN_BLOCK_CAPTURE_AUTORELEASING = YES;
				CLANG_WARN_BOOL_CONVERSION = YES;
				CLANG_WARN_COMMA = YES;
				CLANG_WARN_CONSTANT_CONVERSION = YES;
				CLANG_WARN_DEPRECATED_OBJC_IMPLEMENTATIONS = YES;
				CLANG_WARN_DIRECT_OBJC_ISA_USAGE = YES_ERROR;
				CLANG_WARN_DOCUMENTATION_COMMENTS = YES;
				CLANG_WARN_EMPTY_BODY = YES;
				CLANG_WARN_ENUM_CONVERSION = YES;
				CLANG_WARN_INFINITE_RECURSION = YES;
				CLANG_WARN_INT_CONVERSION = YES;
				CLANG_WARN_NON_LITERAL_NULL_CONVERSION = YES;
				CLANG_WARN_OBJC_IMPLICIT_RETAIN_SELF = YES;
				CLANG_WARN_OBJC_LITERAL_CONVERSION = YES;
				CLANG_WARN_OBJC_ROOT_CLASS = YES_ERROR;
				CLANG_WARN_QUOTED_INCLUDE_IN_FRAMEWORK_HEADER = YES;
				CLANG_WARN_RANGE_LOOP_ANALYSIS = YES;
				CLANG_WARN_STRICT_PROTOTYPES = YES;
				CLANG_WARN_SUSPICIOUS_MOVE = YES;
				CLANG_WARN_UNGUARDED_AVAILABILITY = YES_AGGRESSIVE;
				CLANG_WARN_UNREACHABLE_CODE = YES;
				CLANG_WARN__DUPLICATE_METHOD_MATCH = YES;
				COPY_PHASE_STRIP = NO;
				DEBUG_INFORMATION_FORMAT = dwarf;
				ENABLE_STRICT_OBJC_MSGSEND = YES;
				ENABLE_TESTABILITY = YES;
				ENABLE_USER_SCRIPT_SANDBOXING = YES;
				GCC_C_LANGUAGE_STANDARD = gnu17;
				GCC_DYNAMIC_NO_PIC = NO;
				GCC_NO_COMMON_BLOCKS = YES;
				GCC_OPTIMIZATION_LEVEL = 0;
				GCC_PREPROCESSOR_DEFINITIONS = (
					"DEBUG=1",
					"$(inherited)",
				);
				GCC_WARN_64_TO_32_BIT_CONVERSION = YES;
				GCC_WARN_ABOUT_RETURN_TYPE = YES_ERROR;
				GCC_WARN_UNDECLARED_SELECTOR = YES;
				GCC_WARN_UNINITIALIZED_AUTOS = YES_AGGRESSIVE;
				GCC_WARN_UNUSED_FUNCTION = YES;
				GCC_WARN_UNUSED_VARIABLE = YES;
				LOCALIZATION_PREFERS_STRING_CATALOGS = YES;
				MTL_ENABLE_DEBUG_INFO = INCLUDE_SOURCE;
				MTL_FAST_MATH = YES;
				ONLY_ACTIVE_ARCH = YES;
				SWIFT_ACTIVE_COMPILATION_CONDITIONS = "DEBUG $(inherited)";
				SWIFT_OPTIMIZATION_LEVEL = "-Onone";
			};
			name = Debug;
		};
		0ED2AE692D1CE3AA00336EE0 /* Release */ = {
			isa = XCBuildConfiguration;
			buildSettings = {
				ALWAYS_SEARCH_USER_PATHS = NO;
				ASSETCATALOG_COMPILER_GENERATE_SWIFT_ASSET_SYMBOL_EXTENSIONS = YES;
				CLANG_ANALYZER_NONNULL = YES;
				CLANG_ANALYZER_NUMBER_OBJECT_CONVERSION = YES_AGGRESSIVE;
				CLANG_CXX_LANGUAGE_STANDARD = "gnu++20";
				CLANG_ENABLE_MODULES = YES;
				CLANG_ENABLE_OBJC_ARC = YES;
				CLANG_ENABLE_OBJC_WEAK = YES;
				CLANG_WARN_BLOCK_CAPTURE_AUTORELEASING = YES;
				CLANG_WARN_BOOL_CONVERSION = YES;
				CLANG_WARN_COMMA = YES;
				CLANG_WARN_CONSTANT_CONVERSION = YES;
				CLANG_WARN_DEPRECATED_OBJC_IMPLEMENTATIONS = YES;
				CLANG_WARN_DIRECT_OBJC_ISA_USAGE = YES_ERROR;
				CLANG_WARN_DOCUMENTATION_COMMENTS = YES;
				CLANG_WARN_EMPTY_BODY = YES;
				CLANG_WARN_ENUM_CONVERSION = YES;
				CLANG_WARN_INFINITE_RECURSION = YES;
				CLANG_WARN_INT_CONVERSION = YES;
				CLANG_WARN_NON_LITERAL_NULL_CONVERSION = YES;
				CLANG_WARN_OBJC_IMPLICIT_RETAIN_SELF = YES;
				CLANG_WARN_OBJC_LITERAL_CONVERSION = YES;
				CLANG_WARN_OBJC_ROOT_CLASS = YES_ERROR;
				CLANG_WARN_QUOTED_INCLUDE_IN_FRAMEWORK_HEADER = YES;
				CLANG_WARN_RANGE_LOOP_ANALYSIS = YES;
				CLANG_WARN_STRICT_PROTOTYPES = YES;
				CLANG_WARN_SUSPICIOUS_MOVE = YES;
				CLANG_WARN_UNGUARDED_AVAILABILITY = YES_AGGRESSIVE;
				CLANG_WARN_UNREACHABLE_CODE = YES;
				CLANG_WARN__DUPLICATE_METHOD_MATCH = YES;
				COPY_PHASE_STRIP = NO;
				DEBUG_INFORMATION_FORMAT = "dwarf-with-dsym";
				ENABLE_NS_ASSERTIONS = NO;
				ENABLE_STRICT_OBJC_MSGSEND = YES;
				ENABLE_USER_SCRIPT_SANDBOXING = YES;
				GCC_C_LANGUAGE_STANDARD = gnu17;
				GCC_NO_COMMON_BLOCKS = YES;
				GCC_WARN_64_TO_32_BIT_CONVERSION = YES;
				GCC_WARN_ABOUT_RETURN_TYPE = YES_ERROR;
				GCC_WARN_UNDECLARED_SELECTOR = YES;
				GCC_WARN_UNINITIALIZED_AUTOS = YES_AGGRESSIVE;
				GCC_WARN_UNUSED_FUNCTION = YES;
				GCC_WARN_UNUSED_VARIABLE = YES;
				LOCALIZATION_PREFERS_STRING_CATALOGS = YES;
				MTL_ENABLE_DEBUG_INFO = NO;
				MTL_FAST_MATH = YES;
				SWIFT_COMPILATION_MODE = wholemodule;
			};
			name = Release;
		};
		0ED2AE6B2D1CE3AA00336EE0 /* Debug */ = {
			isa = XCBuildConfiguration;
			buildSettings = {
				ASSETCATALOG_COMPILER_APPICON_NAME = AppIcon;
				ASSETCATALOG_COMPILER_GLOBAL_ACCENT_COLOR_NAME = AccentColor;
				CODE_SIGN_ENTITLEMENTS = ToDoList/ToDoList.entitlements;
				CODE_SIGN_STYLE = Automatic;
				CURRENT_PROJECT_VERSION = 1;
				DEVELOPMENT_ASSET_PATHS = "\"ToDoList/Preview Content\"";
				DEVELOPMENT_TEAM = B265FB256H;
				ENABLE_PREVIEWS = YES;
				GENERATE_INFOPLIST_FILE = YES;
				INFOPLIST_FILE = ToDoList/Info.plist;
				INFOPLIST_KEY_CFBundleDisplayName = CapyTask;
				"INFOPLIST_KEY_UIApplicationSceneManifest_Generation[sdk=iphoneos*]" = YES;
				"INFOPLIST_KEY_UIApplicationSceneManifest_Generation[sdk=iphonesimulator*]" = YES;
				"INFOPLIST_KEY_UIApplicationSupportsIndirectInputEvents[sdk=iphoneos*]" = YES;
				"INFOPLIST_KEY_UIApplicationSupportsIndirectInputEvents[sdk=iphonesimulator*]" = YES;
				"INFOPLIST_KEY_UILaunchScreen_Generation[sdk=iphoneos*]" = YES;
				"INFOPLIST_KEY_UILaunchScreen_Generation[sdk=iphonesimulator*]" = YES;
				"INFOPLIST_KEY_UIStatusBarStyle[sdk=iphoneos*]" = UIStatusBarStyleDefault;
				"INFOPLIST_KEY_UIStatusBarStyle[sdk=iphonesimulator*]" = UIStatusBarStyleDefault;
				INFOPLIST_KEY_UISupportedInterfaceOrientations = UIInterfaceOrientationPortrait;
				IPHONEOS_DEPLOYMENT_TARGET = 18.2;
				LD_RUNPATH_SEARCH_PATHS = "@executable_path/Frameworks";
				"LD_RUNPATH_SEARCH_PATHS[sdk=macosx*]" = "@executable_path/../Frameworks";
				MACOSX_DEPLOYMENT_TARGET = 15.2;
				MARKETING_VERSION = 1.0;
				PRODUCT_BUNDLE_IDENTIFIER = io.iosced.ToDoList;
				PRODUCT_NAME = "$(TARGET_NAME)";
				SDKROOT = auto;
				SUPPORTED_PLATFORMS = "iphoneos iphonesimulator macosx xros xrsimulator";
				SWIFT_EMIT_LOC_STRINGS = YES;
				SWIFT_VERSION = 5.0;
				TARGETED_DEVICE_FAMILY = "1,2,7";
				XROS_DEPLOYMENT_TARGET = 2.2;
			};
			name = Debug;
		};
		0ED2AE6C2D1CE3AA00336EE0 /* Release */ = {
			isa = XCBuildConfiguration;
			buildSettings = {
				ASSETCATALOG_COMPILER_APPICON_NAME = AppIcon;
				ASSETCATALOG_COMPILER_GLOBAL_ACCENT_COLOR_NAME = AccentColor;
				CODE_SIGN_ENTITLEMENTS = ToDoList/ToDoList.entitlements;
				CODE_SIGN_IDENTITY = "Apple Development";
				CODE_SIGN_STYLE = Automatic;
				CURRENT_PROJECT_VERSION = 1;
				DEVELOPMENT_ASSET_PATHS = "\"ToDoList/Preview Content\"";
				DEVELOPMENT_TEAM = B265FB256H;
				ENABLE_PREVIEWS = YES;
				GENERATE_INFOPLIST_FILE = YES;
				INFOPLIST_FILE = ToDoList/Info.plist;
				INFOPLIST_KEY_CFBundleDisplayName = CapyTask;
				"INFOPLIST_KEY_UIApplicationSceneManifest_Generation[sdk=iphoneos*]" = YES;
				"INFOPLIST_KEY_UIApplicationSceneManifest_Generation[sdk=iphonesimulator*]" = YES;
				"INFOPLIST_KEY_UIApplicationSupportsIndirectInputEvents[sdk=iphoneos*]" = YES;
				"INFOPLIST_KEY_UIApplicationSupportsIndirectInputEvents[sdk=iphonesimulator*]" = YES;
				"INFOPLIST_KEY_UILaunchScreen_Generation[sdk=iphoneos*]" = YES;
				"INFOPLIST_KEY_UILaunchScreen_Generation[sdk=iphonesimulator*]" = YES;
				"INFOPLIST_KEY_UIStatusBarStyle[sdk=iphoneos*]" = UIStatusBarStyleDefault;
				"INFOPLIST_KEY_UIStatusBarStyle[sdk=iphonesimulator*]" = UIStatusBarStyleDefault;
				INFOPLIST_KEY_UISupportedInterfaceOrientations = UIInterfaceOrientationPortrait;
				IPHONEOS_DEPLOYMENT_TARGET = 18.2;
				LD_RUNPATH_SEARCH_PATHS = "@executable_path/Frameworks";
				"LD_RUNPATH_SEARCH_PATHS[sdk=macosx*]" = "@executable_path/../Frameworks";
				MACOSX_DEPLOYMENT_TARGET = 15.2;
				MARKETING_VERSION = 1.0;
				PRODUCT_BUNDLE_IDENTIFIER = io.iosced.ToDoList;
				PRODUCT_NAME = "$(TARGET_NAME)";
				PROVISIONING_PROFILE_SPECIFIER = "";
				SDKROOT = auto;
				SUPPORTED_PLATFORMS = "iphoneos iphonesimulator macosx xros xrsimulator";
				SWIFT_EMIT_LOC_STRINGS = YES;
				SWIFT_VERSION = 5.0;
				TARGETED_DEVICE_FAMILY = "1,2,7";
				XROS_DEPLOYMENT_TARGET = 2.2;
			};
			name = Release;
		};
		0ED2AE6E2D1CE3AA00336EE0 /* Debug */ = {
			isa = XCBuildConfiguration;
			buildSettings = {
				BUNDLE_LOADER = "$(TEST_HOST)";
				CODE_SIGN_STYLE = Automatic;
				CURRENT_PROJECT_VERSION = 1;
				GENERATE_INFOPLIST_FILE = YES;
				IPHONEOS_DEPLOYMENT_TARGET = 18.2;
				MACOSX_DEPLOYMENT_TARGET = 15.2;
				MARKETING_VERSION = 1.0;
				PRODUCT_BUNDLE_IDENTIFIER = io.iosced.ToDoListTests;
				PRODUCT_NAME = "$(TARGET_NAME)";
				SDKROOT = auto;
				SUPPORTED_PLATFORMS = "iphoneos iphonesimulator macosx xros xrsimulator";
				SWIFT_EMIT_LOC_STRINGS = NO;
				SWIFT_VERSION = 5.0;
				TARGETED_DEVICE_FAMILY = "1,2,7";
				TEST_HOST = "$(BUILT_PRODUCTS_DIR)/ToDoList.app/$(BUNDLE_EXECUTABLE_FOLDER_PATH)/ToDoList";
				XROS_DEPLOYMENT_TARGET = 2.2;
			};
			name = Debug;
		};
		0ED2AE6F2D1CE3AA00336EE0 /* Release */ = {
			isa = XCBuildConfiguration;
			buildSettings = {
				BUNDLE_LOADER = "$(TEST_HOST)";
				CODE_SIGN_STYLE = Automatic;
				CURRENT_PROJECT_VERSION = 1;
				GENERATE_INFOPLIST_FILE = YES;
				IPHONEOS_DEPLOYMENT_TARGET = 18.2;
				MACOSX_DEPLOYMENT_TARGET = 15.2;
				MARKETING_VERSION = 1.0;
				PRODUCT_BUNDLE_IDENTIFIER = io.iosced.ToDoListTests;
				PRODUCT_NAME = "$(TARGET_NAME)";
				SDKROOT = auto;
				SUPPORTED_PLATFORMS = "iphoneos iphonesimulator macosx xros xrsimulator";
				SWIFT_EMIT_LOC_STRINGS = NO;
				SWIFT_VERSION = 5.0;
				TARGETED_DEVICE_FAMILY = "1,2,7";
				TEST_HOST = "$(BUILT_PRODUCTS_DIR)/ToDoList.app/$(BUNDLE_EXECUTABLE_FOLDER_PATH)/ToDoList";
				XROS_DEPLOYMENT_TARGET = 2.2;
			};
			name = Release;
		};
		0ED2AE712D1CE3AA00336EE0 /* Debug */ = {
			isa = XCBuildConfiguration;
			buildSettings = {
				CODE_SIGN_STYLE = Automatic;
				CURRENT_PROJECT_VERSION = 1;
				GENERATE_INFOPLIST_FILE = YES;
				IPHONEOS_DEPLOYMENT_TARGET = 18.2;
				MACOSX_DEPLOYMENT_TARGET = 15.2;
				MARKETING_VERSION = 1.0;
				PRODUCT_BUNDLE_IDENTIFIER = io.iosced.ToDoListUITests;
				PRODUCT_NAME = "$(TARGET_NAME)";
				SDKROOT = auto;
				SUPPORTED_PLATFORMS = "iphoneos iphonesimulator macosx xros xrsimulator";
				SWIFT_EMIT_LOC_STRINGS = NO;
				SWIFT_VERSION = 5.0;
				TARGETED_DEVICE_FAMILY = "1,2,7";
				TEST_TARGET_NAME = ToDoList;
				XROS_DEPLOYMENT_TARGET = 2.2;
			};
			name = Debug;
		};
		0ED2AE722D1CE3AA00336EE0 /* Release */ = {
			isa = XCBuildConfiguration;
			buildSettings = {
				CODE_SIGN_STYLE = Automatic;
				CURRENT_PROJECT_VERSION = 1;
				GENERATE_INFOPLIST_FILE = YES;
				IPHONEOS_DEPLOYMENT_TARGET = 18.2;
				MACOSX_DEPLOYMENT_TARGET = 15.2;
				MARKETING_VERSION = 1.0;
				PRODUCT_BUNDLE_IDENTIFIER = io.iosced.ToDoListUITests;
				PRODUCT_NAME = "$(TARGET_NAME)";
				SDKROOT = auto;
				SUPPORTED_PLATFORMS = "iphoneos iphonesimulator macosx xros xrsimulator";
				SWIFT_EMIT_LOC_STRINGS = NO;
				SWIFT_VERSION = 5.0;
				TARGETED_DEVICE_FAMILY = "1,2,7";
				TEST_TARGET_NAME = ToDoList;
				XROS_DEPLOYMENT_TARGET = 2.2;
			};
			name = Release;
		};
/* End XCBuildConfiguration section */

/* Begin XCConfigurationList section */
		0ED2AE402D1CE3A900336EE0 /* Build configuration list for PBXProject "ToDoList" */ = {
			isa = XCConfigurationList;
			buildConfigurations = (
				0ED2AE682D1CE3AA00336EE0 /* Debug */,
				0ED2AE692D1CE3AA00336EE0 /* Release */,
			);
			defaultConfigurationIsVisible = 0;
			defaultConfigurationName = Release;
		};
		0ED2AE6A2D1CE3AA00336EE0 /* Build configuration list for PBXNativeTarget "ToDoList" */ = {
			isa = XCConfigurationList;
			buildConfigurations = (
				0ED2AE6B2D1CE3AA00336EE0 /* Debug */,
				0ED2AE6C2D1CE3AA00336EE0 /* Release */,
			);
			defaultConfigurationIsVisible = 0;
			defaultConfigurationName = Release;
		};
		0ED2AE6D2D1CE3AA00336EE0 /* Build configuration list for PBXNativeTarget "ToDoListTests" */ = {
			isa = XCConfigurationList;
			buildConfigurations = (
				0ED2AE6E2D1CE3AA00336EE0 /* Debug */,
				0ED2AE6F2D1CE3AA00336EE0 /* Release */,
			);
			defaultConfigurationIsVisible = 0;
			defaultConfigurationName = Release;
		};
		0ED2AE702D1CE3AA00336EE0 /* Build configuration list for PBXNativeTarget "ToDoListUITests" */ = {
			isa = XCConfigurationList;
			buildConfigurations = (
				0ED2AE712D1CE3AA00336EE0 /* Debug */,
				0ED2AE722D1CE3AA00336EE0 /* Release */,
			);
			defaultConfigurationIsVisible = 0;
			defaultConfigurationName = Release;
		};
/* End XCConfigurationList section */

/* Begin XCRemoteSwiftPackageReference section */
		0ED2AE732D1CE5CB00336EE0 /* XCRemoteSwiftPackageReference "firebase-ios-sdk" */ = {
			isa = XCRemoteSwiftPackageReference;
			repositoryURL = "https://github.com/firebase/firebase-ios-sdk";
			requirement = {
				kind = upToNextMajorVersion;
				minimumVersion = 11.6.0;
			};
		};
/* End XCRemoteSwiftPackageReference section */

/* Begin XCSwiftPackageProductDependency section */
		0ED2AE792D1CEAE700336EE0 /* FirebaseAuth */ = {
			isa = XCSwiftPackageProductDependency;
			package = 0ED2AE732D1CE5CB00336EE0 /* XCRemoteSwiftPackageReference "firebase-ios-sdk" */;
			productName = FirebaseAuth;
		};
		0ED2AE7B2D1CEAE700336EE0 /* FirebaseDatabase */ = {
			isa = XCSwiftPackageProductDependency;
			package = 0ED2AE732D1CE5CB00336EE0 /* XCRemoteSwiftPackageReference "firebase-ios-sdk" */;
			productName = FirebaseDatabase;
		};
		0ED2AE7D2D1CEAE700336EE0 /* FirebaseFirestore */ = {
			isa = XCSwiftPackageProductDependency;
			package = 0ED2AE732D1CE5CB00336EE0 /* XCRemoteSwiftPackageReference "firebase-ios-sdk" */;
			productName = FirebaseFirestore;
		};
		0ED2AEB12D1D9ECA00336EE0 /* FirebaseAuthCombine-Community */ = {
			isa = XCSwiftPackageProductDependency;
			package = 0ED2AE732D1CE5CB00336EE0 /* XCRemoteSwiftPackageReference "firebase-ios-sdk" */;
			productName = "FirebaseAuthCombine-Community";
		};
		0ED2AEB32D1D9ECA00336EE0 /* FirebaseFunctions */ = {
			isa = XCSwiftPackageProductDependency;
			package = 0ED2AE732D1CE5CB00336EE0 /* XCRemoteSwiftPackageReference "firebase-ios-sdk" */;
			productName = FirebaseFunctions;
		};
		0EF54CEF2D1E6F9F00CB27DF /* FirebaseFirestoreCombine-Community */ = {
			isa = XCSwiftPackageProductDependency;
			package = 0ED2AE732D1CE5CB00336EE0 /* XCRemoteSwiftPackageReference "firebase-ios-sdk" */;
			productName = "FirebaseFirestoreCombine-Community";
		};
		0EF54CF12D1E704F00CB27DF /* FirebaseCore */ = {
			isa = XCSwiftPackageProductDependency;
			package = 0ED2AE732D1CE5CB00336EE0 /* XCRemoteSwiftPackageReference "firebase-ios-sdk" */;
			productName = FirebaseCore;
		};
		0EF54CF32D1E704F00CB27DF /* FirebaseStorage */ = {
			isa = XCSwiftPackageProductDependency;
			package = 0ED2AE732D1CE5CB00336EE0 /* XCRemoteSwiftPackageReference "firebase-ios-sdk" */;
			productName = FirebaseStorage;
		};
		0EF54CF52D1E713400CB27DF /* FirebaseInstallations */ = {
			isa = XCSwiftPackageProductDependency;
			package = 0ED2AE732D1CE5CB00336EE0 /* XCRemoteSwiftPackageReference "firebase-ios-sdk" */;
			productName = FirebaseInstallations;
		};
/* End XCSwiftPackageProductDependency section */
	};
	rootObject = 0ED2AE3D2D1CE3A900336EE0 /* Project object */;
}
